{
  "name": "@refurbished-dinosaurs/wishlist-contracts",
  "version": "1.0.0",
  "lockfileVersion": 3,
  "requires": true,
  "packages": {
    "": {
      "name": "@refurbished-dinosaurs/wishlist-contracts",
      "version": "1.0.0",
      "license": "MIT",
      "dependencies": {
        "@toad-contracts/valibot": "^1.0.0",
        "valibot": "^1.5.0"
      },
      "devDependencies": {
        "typescript": "^5.9.0"
      }
    },
    "node_modules/@standard-schema/spec": {
      "version": "1.1.0",
      "resolved": "https://registry.npmjs.org/@standard-schema/spec/-/spec-1.1.0.tgz",
      "integrity": "sha512-l2aFy5jALhniG5HgqrD6jXLi/rUWrKvqN/qJx6yoJsgKhblVd+iqqU4RCXavm/jPityDo5TCvKMnpjKnOriy0w==",
      "license": "MIT"
    },
    "node_modules/@toad-contracts/core": {
      "version": "1.0.0",
      "resolved": "https://registry.npmjs.org/@toad-contracts/core/-/core-1.0.0.tgz",
      "integrity": "sha512-x+nETb0h1brV9DZqOrVcxw9Eo8+p0mHaM8ri2ziMZqCF0lG3qr+RjPdK72yF1zullcLEjxy1EaLz7HObfJNFuQ==",
      "license": "MIT",
      "dependencies": {
        "@standard-schema/spec": "^1.1.0"
      }
    },
    "node_modules/@toad-contracts/valibot": {
      "version": "1.0.0",
      "resolved": "https://registry.npmjs.org/@toad-contracts/valibot/-/valibot-1.0.0.tgz",
      "integrity": "sha512-fqpbBzeroyjH5y3pxD9jhuZxMr2pVx0mdPtp1HhAdJ4xPfHEkuLjTYpI6AX0fTEDaTXoS9sd1WnbU00luTRo7g==",
      "license": "MIT",
      "dependencies": {
        "@toad-contracts/core": "1.0.0"
      },
      "peerDependencies": {
        "valibot": ">=1.0.0"
      }
    },
    "node_modules/typescript": {
      "version": "5.9.3",
      "resolved": "https://registry.npmjs.org/typescript/-/typescript-5.9.3.tgz",
      "integrity": "sha512-jl1vZzPDinLr9eUt3J/t7V6FgNEw9QjvBPdysz9KfQDD41fQrC2Y4vKQdiaUpFT4bXlb1RHhLpp8wtm6M5TgSw==",
      "devOptional": true,
      "license": "Apache-2.0",
      "bin": {
        "tsc": "bin/tsc",
        "tsserver": "bin/tsserver"
      },
      "engines": {
        "node": ">=14.17"
      }
    },
    "node_modules/valibot": {
      "version": "1.5.0",
      "resolved": "https://registry.npmjs.org/valibot/-/valibot-1.5.0.tgz",
      "integrity": "sha512-nil6AkP2TChWL43Z5uJ6GTxX01CUA+g8LWUM+N/rB9NBbkUMaUsi9PUNzlUPgoKASgmx9f7eGOYpJ04/fSa6FQ==",
      "license": "MIT",
      "peerDependencies": {
        "typescript": ">=5"
      },
      "peerDependenciesMeta": {
        "typescript": {
          "optional": true
        }
      }
    }
  }
}
